{
    "name": "vscode-language-pack-ua",
    "version": "0.0.1",
    "lockfileVersion": 2,
    "requires": true,
    "packages": {
        "": {
            "name": "vscode-language-pack-ua",
            "version": "0.0.1",
            "engines": {
                "vscode": "^1.65.0"
            }
        }
    }
}
